
Microsoft Visual Studio Solution File, Format Version 12.00
Project("{FAE04EC0-301F-11D3-BF4B-00C04F79EFBC}") = "loxone.smart.gateway", "loxone.smart.gateway.csproj", "{B3BD871C-FD2C-44F5-AF6A-2E8A5D69A6D7}"
EndProject
Global
	GlobalSection(SolutionConfigurationPlatforms) = preSolution
		Debug|Any CPU = Debug|Any CPU
		Release|Any CPU = Release|Any CPU
	EndGlobalSection
	GlobalSection(ProjectConfigurationPlatforms) = postSolution
		{B3BD871C-FD2C-44F5-AF6A-2E8A5D69A6D7}.Debug|Any CPU.ActiveCfg = Debug|Any CPU
		{B3BD871C-FD2C-44F5-AF6A-2E8A5D69A6D7}.Debug|Any CPU.Build.0 = Debug|Any CPU
		{B3BD871C-FD2C-44F5-AF6A-2E8A5D69A6D7}.Release|Any CPU.ActiveCfg = Release|Any CPU
		{B3BD871C-FD2C-44F5-AF6A-2E8A5D69A6D7}.Release|Any CPU.Build.0 = Release|Any CPU
	EndGlobalSection
EndGlobal
